
Microsoft Visual Studio Solution File, Format Version 12.00
Project("{9A19103F-16F7-4668-BE54-9A1E7A4F7556}") = "docker-compose", "docker-compose.dcproj", "{1AE7FAD0-82A2-473C-B93D-FDF85C5ABA90}"
EndProject
Project("{FAE04EC0-301F-11D3-BF4B-00C04F79EFBC}") = "CleanArchitecture.Api", "src\CleanArchitecture.Api\CleanArchitecture.Api.csproj", "{CCAEF5DE-6092-489C-BBB4-199D65BC4ACF}"
EndProject
Project("{FAE04EC0-301F-11D3-BF4B-00C04F79EFBC}") = "CleanArchitecture.Domain", "src\CleanArchitecture.Domain\CleanArchitecture.Domain.csproj", "{8FD9935C-44DF-4861-A559-D8145C2D36BD}"
EndProject
Project("{FAE04EC0-301F-11D3-BF4B-00C04F79EFBC}") = "CleanArchitecture.Application", "src\CleanArchitecture.Application\CleanArchitecture.Application.csproj", "{130BAFB1-61A8-4454-B450-64A0E06DB9F5}"
EndProject
Project("{FAE04EC0-301F-11D3-BF4B-00C04F79EFBC}") = "CleanArchitecture.Infrastructure", "src\CleanArchitecture.Infrastructure\CleanArchitecture.Infrastructure.csproj", "{3481CC7A-609E-41D2-83CB-95A6D7531C5F}"
EndProject
Global
	GlobalSection(SolutionConfigurationPlatforms) = preSolution
		Debug|Any CPU = Debug|Any CPU
		Release|Any CPU = Release|Any CPU
	EndGlobalSection
	GlobalSection(ProjectConfigurationPlatforms) = postSolution
		{CCAEF5DE-6092-489C-BBB4-199D65BC4ACF}.Debug|Any CPU.ActiveCfg = Debug|Any CPU
		{CCAEF5DE-6092-489C-BBB4-199D65BC4ACF}.Debug|Any CPU.Build.0 = Debug|Any CPU
		{CCAEF5DE-6092-489C-BBB4-199D65BC4ACF}.Release|Any CPU.ActiveCfg = Release|Any CPU
		{CCAEF5DE-6092-489C-BBB4-199D65BC4ACF}.Release|Any CPU.Build.0 = Release|Any CPU
		{8FD9935C-44DF-4861-A559-D8145C2D36BD}.Debug|Any CPU.ActiveCfg = Debug|Any CPU
		{8FD9935C-44DF-4861-A559-D8145C2D36BD}.Debug|Any CPU.Build.0 = Debug|Any CPU
		{8FD9935C-44DF-4861-A559-D8145C2D36BD}.Release|Any CPU.ActiveCfg = Release|Any CPU
		{8FD9935C-44DF-4861-A559-D8145C2D36BD}.Release|Any CPU.Build.0 = Release|Any CPU
		{130BAFB1-61A8-4454-B450-64A0E06DB9F5}.Debug|Any CPU.ActiveCfg = Debug|Any CPU
		{130BAFB1-61A8-4454-B450-64A0E06DB9F5}.Debug|Any CPU.Build.0 = Debug|Any CPU
		{130BAFB1-61A8-4454-B450-64A0E06DB9F5}.Release|Any CPU.ActiveCfg = Release|Any CPU
		{130BAFB1-61A8-4454-B450-64A0E06DB9F5}.Release|Any CPU.Build.0 = Release|Any CPU
		{3481CC7A-609E-41D2-83CB-95A6D7531C5F}.Debug|Any CPU.ActiveCfg = Debug|Any CPU
		{3481CC7A-609E-41D2-83CB-95A6D7531C5F}.Debug|Any CPU.Build.0 = Debug|Any CPU
		{3481CC7A-609E-41D2-83CB-95A6D7531C5F}.Release|Any CPU.ActiveCfg = Release|Any CPU
		{3481CC7A-609E-41D2-83CB-95A6D7531C5F}.Release|Any CPU.Build.0 = Release|Any CPU
	EndGlobalSection
EndGlobal
